<?xml version="1.0" encoding="utf-8"?>
<Project ToolsVersion="4.0" xmlns="http://schemas.microsoft.com/developer/msbuild/2003">
  <ItemGroup>
    <ClInclude Include="Engine\Windows\EditorWindow.h">
      <Filter>Engine\Windows</Filter>
    </ClInclude>
    <ClInclude Include="Engine\Windows\Window.h">
      <Filter>Engine\Windows</Filter>
    </ClInclude>
    <ClInclude Include="Engine\Windows\WindowManager.h">
      <Filter>Engine\Windows</Filter>
    </ClInclude>
    <ClInclude Include="Engine\Application.h">
      <Filter>Engine</Filter>
    </ClInclude>
    <ClInclude Include="Engine\Global.h">
      <Filter>Engine</Filter>
    </ClInclude>
    <ClInclude Include="Engine\GUI\ImGui\imconfig.h">
      <Filter>Engine\GUI\ImGui</Filter>
    </ClInclude>
    <ClInclude Include="Engine\GUI\ImGui\imgui.h">
      <Filter>Engine\GUI\ImGui</Filter>
    </ClInclude>
    <ClInclude Include="Engine\GUI\ImGui\imgui_impl_dx11.h">
      <Filter>Engine\GUI\ImGui</Filter>
    </ClInclude>
    <ClInclude Include="Engine\GUI\ImGui\imgui_impl_win32.h">
      <Filter>Engine\GUI\ImGui</Filter>
    </ClInclude>
    <ClInclude Include="Engine\GUI\ImGui\imgui_internal.h">
      <Filter>Engine\GUI\ImGui</Filter>
    </ClInclude>
    <ClInclude Include="Engine\GUI\ImGui\imstb_rectpack.h">
      <Filter>Engine\GUI\ImGui</Filter>
    </ClInclude>
    <ClInclude Include="Engine\GUI\ImGui\imstb_textedit.h">
      <Filter>Engine\GUI\ImGui</Filter>
    </ClInclude>
    <ClInclude Include="Engine\GUI\ImGui\imstb_truetype.h">
      <Filter>Engine\GUI\ImGui</Filter>
    </ClInclude>
    <ClInclude Include="Engine\GUI\ImGuiManager.h">
      <Filter>Engine\GUI</Filter>
    </ClInclude>
    <ClInclude Include="Engine\Components\Component.h">
      <Filter>Engine\Components</Filter>
    </ClInclude>
    <ClInclude Include="Engine\Components\Transform.h">
      <Filter>Engine\Components</Filter>
    </ClInclude>
    <ClInclude Include="Engine\Mesh\Model.h">
      <Filter>Engine\Mesh</Filter>
    </ClInclude>
    <ClInclude Include="Engine\Mesh\Structs.h">
      <Filter>Engine\Mesh</Filter>
    </ClInclude>
    <ClInclude Include="Engine\Mesh\AssimpLoader.h">
      <Filter>Engine\Mesh</Filter>
    </ClInclude>
    <ClInclude Include="Engine\Mesh\Texture.h">
      <Filter>Engine\Mesh</Filter>
    </ClInclude>
    <ClInclude Include="Engine\Direct3D\Direct3D.h">
      <Filter>Engine\Direct3D</Filter>
    </ClInclude>
    <ClInclude Include="Engine\Direct3D\Shaders\Shader.h">
      <Filter>Engine\Direct3D\Shaders</Filter>
    </ClInclude>
    <ClInclude Include="Engine\Direct3D\Shaders\Shader3D.h">
      <Filter>Engine\Direct3D\Shaders</Filter>
    </ClInclude>
    <ClInclude Include="Engine\Direct3D\Shaders\ShaderDebug.h">
      <Filter>Engine\Direct3D\Shaders</Filter>
    </ClInclude>
    <ClInclude Include="Engine\GUI\Input.h">
      <Filter>Engine\GUI</Filter>
    </ClInclude>
  </ItemGroup>
  <ItemGroup>
    <ClCompile Include="Engine\Windows\EditorWindow.cpp">
      <Filter>Engine\Windows</Filter>
    </ClCompile>
    <ClCompile Include="Engine\Windows\WindowManager.cpp">
      <Filter>Engine\Windows</Filter>
    </ClCompile>
    <ClCompile Include="Engine\Windows\Window.cpp">
      <Filter>Engine\Windows</Filter>
    </ClCompile>
    <ClCompile Include="Engine\Application.cpp">
      <Filter>Engine</Filter>
    </ClCompile>
    <ClCompile Include="Engine\Main.cpp">
      <Filter>Engine</Filter>
    </ClCompile>
    <ClCompile Include="Engine\GUI\ImGui\imgui.cpp">
      <Filter>Engine\GUI\ImGui</Filter>
    </ClCompile>
    <ClCompile Include="Engine\GUI\ImGui\imgui_impl_dx11.cpp">
      <Filter>Engine\GUI\ImGui</Filter>
    </ClCompile>
    <ClCompile Include="Engine\GUI\ImGui\imgui_impl_win32.cpp">
      <Filter>Engine\GUI\ImGui</Filter>
    </ClCompile>
    <ClCompile Include="Engine\GUI\ImGui\imgui_tables.cpp">
      <Filter>Engine\GUI\ImGui</Filter>
    </ClCompile>
    <ClCompile Include="Engine\GUI\ImGui\imgui_draw.cpp">
      <Filter>Engine\GUI\ImGui</Filter>
    </ClCompile>
    <ClCompile Include="Engine\GUI\ImGui\imgui_widgets.cpp">
      <Filter>Engine\GUI\ImGui</Filter>
    </ClCompile>
    <ClCompile Include="Engine\GUI\ImGuiManager.cpp">
      <Filter>Engine\GUI</Filter>
    </ClCompile>
    <ClCompile Include="Engine\Components\Component.cpp">
      <Filter>Engine\Components</Filter>
    </ClCompile>
    <ClCompile Include="Engine\Components\Transform.cpp">
      <Filter>Engine\Components</Filter>
    </ClCompile>
    <ClCompile Include="Engine\Mesh\Model.cpp">
      <Filter>Engine\Mesh</Filter>
    </ClCompile>
    <ClCompile Include="Engine\Mesh\AssimpLoader.cpp">
      <Filter>Engine\Mesh</Filter>
    </ClCompile>
    <ClCompile Include="Engine\Mesh\Texture.cpp">
      <Filter>Engine\Mesh</Filter>
    </ClCompile>
    <ClCompile Include="Engine\Direct3D\Direct3D.cpp">
      <Filter>Engine\Direct3D</Filter>
    </ClCompile>
    <ClCompile Include="Engine\Direct3D\Shaders\Shader.cpp">
      <Filter>Engine\Direct3D\Shaders</Filter>
    </ClCompile>
    <ClCompile Include="Engine\Direct3D\Shaders\Shader3D.cpp">
      <Filter>Engine\Direct3D\Shaders</Filter>
    </ClCompile>
    <ClCompile Include="Engine\Direct3D\Shaders\ShaderDebug.cpp">
      <Filter>Engine\Direct3D\Shaders</Filter>
    </ClCompile>
    <ClCompile Include="Engine\GUI\Input.cpp">
      <Filter>Engine\GUI</Filter>
    </ClCompile>
  </ItemGroup>
  <ItemGroup>
    <Filter Include="Engine">
      <UniqueIdentifier>{c1eaabdd-7415-45c5-afeb-22d9c19798df}</UniqueIdentifier>
    </Filter>
    <Filter Include="Engine\Windows">
      <UniqueIdentifier>{d921f55d-e2f1-41f6-b0a0-5c3069826ecd}</UniqueIdentifier>
    </Filter>
    <Filter Include="Shader">
      <UniqueIdentifier>{4b0528ac-1c30-4e26-90a7-9e4bd1ceaa65}</UniqueIdentifier>
    </Filter>
    <Filter Include="Engine\GUI">
      <UniqueIdentifier>{b150fb93-1f77-49d7-ac16-48578f4c5d30}</UniqueIdentifier>
    </Filter>
    <Filter Include="Engine\GUI\ImGui">
      <UniqueIdentifier>{b3a9c13e-aeed-4c91-8237-0bf942abdbd5}</UniqueIdentifier>
    </Filter>
    <Filter Include="Engine\Components">
      <UniqueIdentifier>{40bf80ef-a6b4-4f36-9da1-1043a26bf575}</UniqueIdentifier>
    </Filter>
    <Filter Include="Engine\Mesh">
      <UniqueIdentifier>{fdd127be-f9d2-400c-8226-069e1abb6e4e}</UniqueIdentifier>
    </Filter>
    <Filter Include="Engine\Direct3D">
      <UniqueIdentifier>{a54c339a-4172-406c-9429-5a09eca13362}</UniqueIdentifier>
    </Filter>
    <Filter Include="Engine\Direct3D\Shaders">
      <UniqueIdentifier>{a0872bc4-d4e4-41a2-9ee9-8481f442dc94}</UniqueIdentifier>
    </Filter>
  </ItemGroup>
  <ItemGroup>
    <FxCompile Include="Assets\Shader\Simple3D.hlsl">
      <Filter>Shader</Filter>
    </FxCompile>
    <FxCompile Include="Assets\Shader\Debug3D.hlsl">
      <Filter>Shader</Filter>
    </FxCompile>
  </ItemGroup>
  <ItemGroup>
    <None Include="packages.config" />
  </ItemGroup>
</Project>